
Microsoft Visual Studio Solution File, Format Version 12.00
# Visual Studio 15
VisualStudioVersion = 15.0.26430.12
MinimumVisualStudioVersion = 10.0.40219.1
Project("{FAE04EC0-301F-11D3-BF4B-00C04F79EFBC}") = "LittleBrotherEye", "LittleBrotherEye\LittleBrotherEye.csproj", "{33E36906-AB39-4D4E-924F-FFA8F0D739BA}"
EndProject
Project("{00D1A9C2-B5F0-4AF3-8072-F6C62B433612}") = "LittleBrotherEye.Database", "LittleBrotherEye.Database\LittleBrotherEye.Database.sqlproj", "{00C85AF8-B525-491D-9B97-70C5332A40D0}"
EndProject
Project("{FAE04EC0-301F-11D3-BF4B-00C04F79EFBC}") = "LittleBrotherEye.DataAccess", "LittleBrotherEye.DataAccess\LittleBrotherEye.DataAccess.csproj", "{B7B65A33-E51B-427E-A296-1244EFC56911}"
EndProject
Global
	GlobalSection(SolutionConfigurationPlatforms) = preSolution
		Debug|Any CPU = Debug|Any CPU
		Release|Any CPU = Release|Any CPU
	EndGlobalSection
	GlobalSection(ProjectConfigurationPlatforms) = postSolution
		{33E36906-AB39-4D4E-924F-FFA8F0D739BA}.Debug|Any CPU.ActiveCfg = Debug|Any CPU
		{33E36906-AB39-4D4E-924F-FFA8F0D739BA}.Debug|Any CPU.Build.0 = Debug|Any CPU
		{33E36906-AB39-4D4E-924F-FFA8F0D739BA}.Release|Any CPU.ActiveCfg = Release|Any CPU
		{33E36906-AB39-4D4E-924F-FFA8F0D739BA}.Release|Any CPU.Build.0 = Release|Any CPU
		{00C85AF8-B525-491D-9B97-70C5332A40D0}.Debug|Any CPU.ActiveCfg = Debug|Any CPU
		{00C85AF8-B525-491D-9B97-70C5332A40D0}.Debug|Any CPU.Build.0 = Debug|Any CPU
		{00C85AF8-B525-491D-9B97-70C5332A40D0}.Debug|Any CPU.Deploy.0 = Debug|Any CPU
		{00C85AF8-B525-491D-9B97-70C5332A40D0}.Release|Any CPU.ActiveCfg = Release|Any CPU
		{00C85AF8-B525-491D-9B97-70C5332A40D0}.Release|Any CPU.Build.0 = Release|Any CPU
		{00C85AF8-B525-491D-9B97-70C5332A40D0}.Release|Any CPU.Deploy.0 = Release|Any CPU
		{B7B65A33-E51B-427E-A296-1244EFC56911}.Debug|Any CPU.ActiveCfg = Debug|Any CPU
		{B7B65A33-E51B-427E-A296-1244EFC56911}.Debug|Any CPU.Build.0 = Debug|Any CPU
		{B7B65A33-E51B-427E-A296-1244EFC56911}.Release|Any CPU.ActiveCfg = Release|Any CPU
		{B7B65A33-E51B-427E-A296-1244EFC56911}.Release|Any CPU.Build.0 = Release|Any CPU
	EndGlobalSection
	GlobalSection(SolutionProperties) = preSolution
		HideSolutionNode = FALSE
	EndGlobalSection
EndGlobal
